
Microsoft Visual Studio Solution File, Format Version 12.00

Project("{2150E333-8FDC-42A3-9474-1A3956D46DE8}") = "tests", "tests", "{A5965FAC-86B8-4F70-B755-976602AC027A}"
EndProject
Project("{2150E333-8FDC-42A3-9474-1A3956D46DE8}") = "src", "src", "{D47457DE-8BAD-4CD5-B1B3-99D167009655}"
EndProject
Project("{FAE04EC0-301F-11D3-BF4B-00C04F79EFBC}") = "Api", "src\Api\Api.csproj", "{8E25A703-9FE0-4425-86FA-3AE0B2C1E823}"
EndProject
Project("{FAE04EC0-301F-11D3-BF4B-00C04F79EFBC}") = "Domain", "src\Domain\Domain.csproj", "{A6C4DA1F-2EB1-4F3D-8FBE-8E3C6DED481F}"
EndProject
Project("{FAE04EC0-301F-11D3-BF4B-00C04F79EFBC}") = "Application", "src\Application\Application.csproj", "{227197DF-48F9-4738-B665-E80E02795E09}"
EndProject
Project("{FAE04EC0-301F-11D3-BF4B-00C04F79EFBC}") = "Contracts", "src\Contracts\Contracts.csproj", "{1790A369-A707-4318-9B6E-B2810CBC638F}"
EndProject
Project("{FAE04EC0-301F-11D3-BF4B-00C04F79EFBC}") = "UnitTests", "tests\UnitTests\UnitTests.csproj", "{BA987A2D-067C-405D-8C17-3D7A693F285A}"
EndProject
Global
	GlobalSection(SolutionConfigurationPlatforms) = preSolution
		Debug|Any CPU = Debug|Any CPU
		Release|Any CPU = Release|Any CPU
	EndGlobalSection
	GlobalSection(ProjectConfigurationPlatforms) = postSolution
	
		{8E25A703-9FE0-4425-86FA-3AE0B2C1E823}.Debug|Any CPU.ActiveCfg = Debug|Any CPU
		{8E25A703-9FE0-4425-86FA-3AE0B2C1E823}.Debug|Any CPU.Build.0 = Debug|Any CPU
		{8E25A703-9FE0-4425-86FA-3AE0B2C1E823}.Release|Any CPU.ActiveCfg = Release|Any CPU
		{8E25A703-9FE0-4425-86FA-3AE0B2C1E823}.Release|Any CPU.Build.0 = Release|Any CPU
		{A6C4DA1F-2EB1-4F3D-8FBE-8E3C6DED481F}.Debug|Any CPU.ActiveCfg = Debug|Any CPU
		{A6C4DA1F-2EB1-4F3D-8FBE-8E3C6DED481F}.Debug|Any CPU.Build.0 = Debug|Any CPU
		{A6C4DA1F-2EB1-4F3D-8FBE-8E3C6DED481F}.Release|Any CPU.ActiveCfg = Release|Any CPU
		{A6C4DA1F-2EB1-4F3D-8FBE-8E3C6DED481F}.Release|Any CPU.Build.0 = Release|Any CPU
		{227197DF-48F9-4738-B665-E80E02795E09}.Debug|Any CPU.ActiveCfg = Debug|Any CPU
		{227197DF-48F9-4738-B665-E80E02795E09}.Debug|Any CPU.Build.0 = Debug|Any CPU
		{227197DF-48F9-4738-B665-E80E02795E09}.Release|Any CPU.ActiveCfg = Release|Any CPU
		{227197DF-48F9-4738-B665-E80E02795E09}.Release|Any CPU.Build.0 = Release|Any CPU
		{1790A369-A707-4318-9B6E-B2810CBC638F}.Debug|Any CPU.ActiveCfg = Debug|Any CPU
		{1790A369-A707-4318-9B6E-B2810CBC638F}.Debug|Any CPU.Build.0 = Debug|Any CPU
		{1790A369-A707-4318-9B6E-B2810CBC638F}.Release|Any CPU.ActiveCfg = Release|Any CPU
		{1790A369-A707-4318-9B6E-B2810CBC638F}.Release|Any CPU.Build.0 = Release|Any CPU
		{BA987A2D-067C-405D-8C17-3D7A693F285A}.Debug|Any CPU.ActiveCfg = Debug|Any CPU
		{BA987A2D-067C-405D-8C17-3D7A693F285A}.Debug|Any CPU.Build.0 = Debug|Any CPU
		{BA987A2D-067C-405D-8C17-3D7A693F285A}.Release|Any CPU.ActiveCfg = Release|Any CPU
		{BA987A2D-067C-405D-8C17-3D7A693F285A}.Release|Any CPU.Build.0 = Release|Any CPU
	EndGlobalSection
	GlobalSection(NestedProjects) = preSolution
		{087402D6-0723-4224-920F-815BED427FF1} = {D47457DE-8BAD-4CD5-B1B3-99D167009655}
		{35264623-60FB-4AC2-AE4D-CED61C83CB58} = {D47457DE-8BAD-4CD5-B1B3-99D167009655}
		{06616C91-D685-42FA-BCF9-C4B5B6F759BE} = {D47457DE-8BAD-4CD5-B1B3-99D167009655}
		{8E25A703-9FE0-4425-86FA-3AE0B2C1E823} = {D47457DE-8BAD-4CD5-B1B3-99D167009655}
		{A6C4DA1F-2EB1-4F3D-8FBE-8E3C6DED481F} = {D47457DE-8BAD-4CD5-B1B3-99D167009655}
		{227197DF-48F9-4738-B665-E80E02795E09} = {D47457DE-8BAD-4CD5-B1B3-99D167009655}
		{1790A369-A707-4318-9B6E-B2810CBC638F} = {D47457DE-8BAD-4CD5-B1B3-99D167009655}
		{BA987A2D-067C-405D-8C17-3D7A693F285A} = {A5965FAC-86B8-4F70-B755-976602AC027A}
	EndGlobalSection
EndGlobal
